// !$*UTF8*$!
{
	archiveVersion = 1;
	classes = {
	};
	objectVersion = 46;
	objects = {

/* Begin PBXBuildFile section */
		1681609C39A5FB0B47D9B22D /* Pods_BasePods_Lection02UITests.framework in Frameworks */ = {isa = PBXBuildFile; fileRef = B2AA1F528AD4622E8CE43337 /* Pods_BasePods_Lection02UITests.framework */; };
		20B87BD32197B4694A70BA4D /* Pods_BasePods_Lection02Tests.framework in Frameworks */ = {isa = PBXBuildFile; fileRef = 26ED7CB784C87CC7F5A7AD59 /* Pods_BasePods_Lection02Tests.framework */; };
		907A88F81E741DA60035450A /* AppDelegate.swift in Sources */ = {isa = PBXBuildFile; fileRef = 907A88F71E741DA60035450A /* AppDelegate.swift */; };
		907A88FA1E741DA60035450A /* ViewController.swift in Sources */ = {isa = PBXBuildFile; fileRef = 907A88F91E741DA60035450A /* ViewController.swift */; };
		907A88FD1E741DA60035450A /* Main.storyboard in Resources */ = {isa = PBXBuildFile; fileRef = 907A88FB1E741DA60035450A /* Main.storyboard */; };
		907A88FF1E741DA60035450A /* Assets.xcassets in Resources */ = {isa = PBXBuildFile; fileRef = 907A88FE1E741DA60035450A /* Assets.xcassets */; };
		907A89021E741DA70035450A /* LaunchScreen.storyboard in Resources */ = {isa = PBXBuildFile; fileRef = 907A89001E741DA70035450A /* LaunchScreen.storyboard */; };
		907A890D1E741DA70035450A /* Lection02Tests.swift in Sources */ = {isa = PBXBuildFile; fileRef = 907A890C1E741DA70035450A /* Lection02Tests.swift */; };
		907A89181E741DA70035450A /* Lection02UITests.swift in Sources */ = {isa = PBXBuildFile; fileRef = 907A89171E741DA70035450A /* Lection02UITests.swift */; };
		90CBA2C11E744B78008D7B30 /* krovostok.jpg in Resources */ = {isa = PBXBuildFile; fileRef = 90CBA2C01E744B78008D7B30 /* krovostok.jpg */; };
		90CBA2C21E744B78008D7B30 /* krovostok.jpg in Resources */ = {isa = PBXBuildFile; fileRef = 90CBA2C01E744B78008D7B30 /* krovostok.jpg */; };
		90CBA2C31E744B78008D7B30 /* krovostok.jpg in Resources */ = {isa = PBXBuildFile; fileRef = 90CBA2C01E744B78008D7B30 /* krovostok.jpg */; };
		90CBA2C51E744C8B008D7B30 /* HelloViewController.swift in Sources */ = {isa = PBXBuildFile; fileRef = 90CBA2C41E744C8B008D7B30 /* HelloViewController.swift */; };
		90CBA2C61E744C8B008D7B30 /* HelloViewController.swift in Sources */ = {isa = PBXBuildFile; fileRef = 90CBA2C41E744C8B008D7B30 /* HelloViewController.swift */; };
		90CBA2C71E744C8B008D7B30 /* HelloViewController.swift in Sources */ = {isa = PBXBuildFile; fileRef = 90CBA2C41E744C8B008D7B30 /* HelloViewController.swift */; };
		90CBA2CB1E745838008D7B30 /* XIBViewController.swift in Sources */ = {isa = PBXBuildFile; fileRef = 90CBA2C91E745838008D7B30 /* XIBViewController.swift */; };
		90CBA2CC1E745838008D7B30 /* XIBViewController.swift in Sources */ = {isa = PBXBuildFile; fileRef = 90CBA2C91E745838008D7B30 /* XIBViewController.swift */; };
		90CBA2CD1E745838008D7B30 /* XIBViewController.swift in Sources */ = {isa = PBXBuildFile; fileRef = 90CBA2C91E745838008D7B30 /* XIBViewController.swift */; };
		90CBA2CE1E745838008D7B30 /* XIBViewController.xib in Resources */ = {isa = PBXBuildFile; fileRef = 90CBA2CA1E745838008D7B30 /* XIBViewController.xib */; };
		90CBA2CF1E745838008D7B30 /* XIBViewController.xib in Resources */ = {isa = PBXBuildFile; fileRef = 90CBA2CA1E745838008D7B30 /* XIBViewController.xib */; };
		90CBA2D01E745838008D7B30 /* XIBViewController.xib in Resources */ = {isa = PBXBuildFile; fileRef = 90CBA2CA1E745838008D7B30 /* XIBViewController.xib */; };
		90CBA2D21E745ADB008D7B30 /* Greeting.swift in Sources */ = {isa = PBXBuildFile; fileRef = 90CBA2D11E745ADB008D7B30 /* Greeting.swift */; };
		90CBA2D31E745ADB008D7B30 /* Greeting.swift in Sources */ = {isa = PBXBuildFile; fileRef = 90CBA2D11E745ADB008D7B30 /* Greeting.swift */; };
		90CBA2D41E745ADB008D7B30 /* Greeting.swift in Sources */ = {isa = PBXBuildFile; fileRef = 90CBA2D11E745ADB008D7B30 /* Greeting.swift */; };
		BF2A68F1DB9BB0396EFFECA3 /* Pods_BasePods_Lection02.framework in Frameworks */ = {isa = PBXBuildFile; fileRef = 272F9E2C100BFB2F0DC6408E /* Pods_BasePods_Lection02.framework */; };
/* End PBXBuildFile section */

/* Begin PBXContainerItemProxy section */
		907A89091E741DA70035450A /* PBXContainerItemProxy */ = {
			isa = PBXContainerItemProxy;
			containerPortal = 907A88EC1E741DA60035450A /* Project object */;
			proxyType = 1;
			remoteGlobalIDString = 907A88F31E741DA60035450A;
			remoteInfo = Lection02;
		};
		907A89141E741DA70035450A /* PBXContainerItemProxy */ = {
			isa = PBXContainerItemProxy;
			containerPortal = 907A88EC1E741DA60035450A /* Project object */;
			proxyType = 1;
			remoteGlobalIDString = 907A88F31E741DA60035450A;
			remoteInfo = Lection02;
		};
/* End PBXContainerItemProxy section */

/* Begin PBXFileReference section */
		26ED7CB784C87CC7F5A7AD59 /* Pods_BasePods_Lection02Tests.framework */ = {isa = PBXFileReference; explicitFileType = wrapper.framework; includeInIndex = 0; path = Pods_BasePods_Lection02Tests.framework; sourceTree = BUILT_PRODUCTS_DIR; };
		272F9E2C100BFB2F0DC6408E /* Pods_BasePods_Lection02.framework */ = {isa = PBXFileReference; explicitFileType = wrapper.framework; includeInIndex = 0; path = Pods_BasePods_Lection02.framework; sourceTree = BUILT_PRODUCTS_DIR; };
		4B89B14C6A2ACF1CD7893AE3 /* Pods-BasePods-Lection02UITests.release.xcconfig */ = {isa = PBXFileReference; includeInIndex = 1; lastKnownFileType = text.xcconfig; name = "Pods-BasePods-Lection02UITests.release.xcconfig"; path = "Pods/Target Support Files/Pods-BasePods-Lection02UITests/Pods-BasePods-Lection02UITests.release.xcconfig"; sourceTree = "<group>"; };
		7FDE15AED0F3138BFC88809E /* Pods-BasePods-Lection02UITests.debug.xcconfig */ = {isa = PBXFileReference; includeInIndex = 1; lastKnownFileType = text.xcconfig; name = "Pods-BasePods-Lection02UITests.debug.xcconfig"; path = "Pods/Target Support Files/Pods-BasePods-Lection02UITests/Pods-BasePods-Lection02UITests.debug.xcconfig"; sourceTree = "<group>"; };
		907A88F41E741DA60035450A /* Lection02.app */ = {isa = PBXFileReference; explicitFileType = wrapper.application; includeInIndex = 0; path = Lection02.app; sourceTree = BUILT_PRODUCTS_DIR; };
		907A88F71E741DA60035450A /* AppDelegate.swift */ = {isa = PBXFileReference; lastKnownFileType = sourcecode.swift; path = AppDelegate.swift; sourceTree = "<group>"; };
		907A88F91E741DA60035450A /* ViewController.swift */ = {isa = PBXFileReference; lastKnownFileType = sourcecode.swift; path = ViewController.swift; sourceTree = "<group>"; };
		907A88FC1E741DA60035450A /* Base */ = {isa = PBXFileReference; lastKnownFileType = file.storyboard; name = Base; path = Base.lproj/Main.storyboard; sourceTree = "<group>"; };
		907A88FE1E741DA60035450A /* Assets.xcassets */ = {isa = PBXFileReference; lastKnownFileType = folder.assetcatalog; path = Assets.xcassets; sourceTree = "<group>"; };
		907A89011E741DA70035450A /* Base */ = {isa = PBXFileReference; lastKnownFileType = file.storyboard; name = Base; path = Base.lproj/LaunchScreen.storyboard; sourceTree = "<group>"; };
		907A89031E741DA70035450A /* Info.plist */ = {isa = PBXFileReference; lastKnownFileType = text.plist.xml; path = Info.plist; sourceTree = "<group>"; };
		907A89081E741DA70035450A /* Lection02Tests.xctest */ = {isa = PBXFileReference; explicitFileType = wrapper.cfbundle; includeInIndex = 0; path = Lection02Tests.xctest; sourceTree = BUILT_PRODUCTS_DIR; };
		907A890C1E741DA70035450A /* Lection02Tests.swift */ = {isa = PBXFileReference; lastKnownFileType = sourcecode.swift; path = Lection02Tests.swift; sourceTree = "<group>"; };
		907A890E1E741DA70035450A /* Info.plist */ = {isa = PBXFileReference; lastKnownFileType = text.plist.xml; path = Info.plist; sourceTree = "<group>"; };
		907A89131E741DA70035450A /* Lection02UITests.xctest */ = {isa = PBXFileReference; explicitFileType = wrapper.cfbundle; includeInIndex = 0; path = Lection02UITests.xctest; sourceTree = BUILT_PRODUCTS_DIR; };
		907A89171E741DA70035450A /* Lection02UITests.swift */ = {isa = PBXFileReference; lastKnownFileType = sourcecode.swift; path = Lection02UITests.swift; sourceTree = "<group>"; };
		907A89191E741DA70035450A /* Info.plist */ = {isa = PBXFileReference; lastKnownFileType = text.plist.xml; path = Info.plist; sourceTree = "<group>"; };
		90CBA2C01E744B78008D7B30 /* krovostok.jpg */ = {isa = PBXFileReference; lastKnownFileType = image.jpeg; path = krovostok.jpg; sourceTree = "<group>"; };
		90CBA2C41E744C8B008D7B30 /* HelloViewController.swift */ = {isa = PBXFileReference; fileEncoding = 4; lastKnownFileType = sourcecode.swift; path = HelloViewController.swift; sourceTree = "<group>"; };
		90CBA2C91E745838008D7B30 /* XIBViewController.swift */ = {isa = PBXFileReference; fileEncoding = 4; lastKnownFileType = sourcecode.swift; path = XIBViewController.swift; sourceTree = "<group>"; };
		90CBA2CA1E745838008D7B30 /* XIBViewController.xib */ = {isa = PBXFileReference; fileEncoding = 4; lastKnownFileType = file.xib; path = XIBViewController.xib; sourceTree = "<group>"; };
		90CBA2D11E745ADB008D7B30 /* Greeting.swift */ = {isa = PBXFileReference; fileEncoding = 4; lastKnownFileType = sourcecode.swift; path = Greeting.swift; sourceTree = "<group>"; };
		B2AA1F528AD4622E8CE43337 /* Pods_BasePods_Lection02UITests.framework */ = {isa = PBXFileReference; explicitFileType = wrapper.framework; includeInIndex = 0; path = Pods_BasePods_Lection02UITests.framework; sourceTree = BUILT_PRODUCTS_DIR; };
		CA7559785B6CFDA35D0B9FD1 /* Pods-BasePods-Lection02Tests.debug.xcconfig */ = {isa = PBXFileReference; includeInIndex = 1; lastKnownFileType = text.xcconfig; name = "Pods-BasePods-Lection02Tests.debug.xcconfig"; path = "Pods/Target Support Files/Pods-BasePods-Lection02Tests/Pods-BasePods-Lection02Tests.debug.xcconfig"; sourceTree = "<group>"; };
		D5DEA8E04AF741D1DAECEADA /* Pods-BasePods-Lection02Tests.release.xcconfig */ = {isa = PBXFileReference; includeInIndex = 1; lastKnownFileType = text.xcconfig; name = "Pods-BasePods-Lection02Tests.release.xcconfig"; path = "Pods/Target Support Files/Pods-BasePods-Lection02Tests/Pods-BasePods-Lection02Tests.release.xcconfig"; sourceTree = "<group>"; };
		E05ED08DE34CA17F6EE42902 /* Pods-BasePods-Lection02.debug.xcconfig */ = {isa = PBXFileReference; includeInIndex = 1; lastKnownFileType = text.xcconfig; name = "Pods-BasePods-Lection02.debug.xcconfig"; path = "Pods/Target Support Files/Pods-BasePods-Lection02/Pods-BasePods-Lection02.debug.xcconfig"; sourceTree = "<group>"; };
		E157443E89C96B387B1349A9 /* Pods-BasePods-Lection02.release.xcconfig */ = {isa = PBXFileReference; includeInIndex = 1; lastKnownFileType = text.xcconfig; name = "Pods-BasePods-Lection02.release.xcconfig"; path = "Pods/Target Support Files/Pods-BasePods-Lection02/Pods-BasePods-Lection02.release.xcconfig"; sourceTree = "<group>"; };
/* End PBXFileReference section */

/* Begin PBXFrameworksBuildPhase section */
		907A88F11E741DA60035450A /* Frameworks */ = {
			isa = PBXFrameworksBuildPhase;
			buildActionMask = 2147483647;
			files = (
				BF2A68F1DB9BB0396EFFECA3 /* Pods_BasePods_Lection02.framework in Frameworks */,
			);
			runOnlyForDeploymentPostprocessing = 0;
		};
		907A89051E741DA70035450A /* Frameworks */ = {
			isa = PBXFrameworksBuildPhase;
			buildActionMask = 2147483647;
			files = (
				20B87BD32197B4694A70BA4D /* Pods_BasePods_Lection02Tests.framework in Frameworks */,
			);
			runOnlyForDeploymentPostprocessing = 0;
		};
		907A89101E741DA70035450A /* Frameworks */ = {
			isa = PBXFrameworksBuildPhase;
			buildActionMask = 2147483647;
			files = (
				1681609C39A5FB0B47D9B22D /* Pods_BasePods_Lection02UITests.framework in Frameworks */,
			);
			runOnlyForDeploymentPostprocessing = 0;
		};
/* End PBXFrameworksBuildPhase section */

/* Begin PBXGroup section */
		3EFBBC58068F0DE251A81816 /* Pods */ = {
			isa = PBXGroup;
			children = (
				E05ED08DE34CA17F6EE42902 /* Pods-BasePods-Lection02.debug.xcconfig */,
				E157443E89C96B387B1349A9 /* Pods-BasePods-Lection02.release.xcconfig */,
				CA7559785B6CFDA35D0B9FD1 /* Pods-BasePods-Lection02Tests.debug.xcconfig */,
				D5DEA8E04AF741D1DAECEADA /* Pods-BasePods-Lection02Tests.release.xcconfig */,
				7FDE15AED0F3138BFC88809E /* Pods-BasePods-Lection02UITests.debug.xcconfig */,
				4B89B14C6A2ACF1CD7893AE3 /* Pods-BasePods-Lection02UITests.release.xcconfig */,
			);
			name = Pods;
			sourceTree = "<group>";
		};
		7B6C0800841E5DA4EF004DE4 /* Frameworks */ = {
			isa = PBXGroup;
			children = (
				272F9E2C100BFB2F0DC6408E /* Pods_BasePods_Lection02.framework */,
				26ED7CB784C87CC7F5A7AD59 /* Pods_BasePods_Lection02Tests.framework */,
				B2AA1F528AD4622E8CE43337 /* Pods_BasePods_Lection02UITests.framework */,
			);
			name = Frameworks;
			sourceTree = "<group>";
		};
		907A88EB1E741DA60035450A = {
			isa = PBXGroup;
			children = (
				907A88F61E741DA60035450A /* Lection02 */,
				907A890B1E741DA70035450A /* Lection02Tests */,
				907A89161E741DA70035450A /* Lection02UITests */,
				907A88F51E741DA60035450A /* Products */,
				3EFBBC58068F0DE251A81816 /* Pods */,
				7B6C0800841E5DA4EF004DE4 /* Frameworks */,
			);
			sourceTree = "<group>";
		};
		907A88F51E741DA60035450A /* Products */ = {
			isa = PBXGroup;
			children = (
				907A88F41E741DA60035450A /* Lection02.app */,
				907A89081E741DA70035450A /* Lection02Tests.xctest */,
				907A89131E741DA70035450A /* Lection02UITests.xctest */,
			);
			name = Products;
			sourceTree = "<group>";
		};
		907A88F61E741DA60035450A /* Lection02 */ = {
			isa = PBXGroup;
			children = (
				907A88F71E741DA60035450A /* AppDelegate.swift */,
				907A88F91E741DA60035450A /* ViewController.swift */,
				907A88FB1E741DA60035450A /* Main.storyboard */,
				907A88FE1E741DA60035450A /* Assets.xcassets */,
				907A89001E741DA70035450A /* LaunchScreen.storyboard */,
				907A89031E741DA70035450A /* Info.plist */,
				90CBA2C01E744B78008D7B30 /* krovostok.jpg */,
				90CBA2C41E744C8B008D7B30 /* HelloViewController.swift */,
				90CBA2C91E745838008D7B30 /* XIBViewController.swift */,
				90CBA2CA1E745838008D7B30 /* XIBViewController.xib */,
				90CBA2D11E745ADB008D7B30 /* Greeting.swift */,
			);
			path = Lection02;
			sourceTree = "<group>";
		};
		907A890B1E741DA70035450A /* Lection02Tests */ = {
			isa = PBXGroup;
			children = (
				907A890C1E741DA70035450A /* Lection02Tests.swift */,
				907A890E1E741DA70035450A /* Info.plist */,
			);
			path = Lection02Tests;
			sourceTree = "<group>";
		};
		907A89161E741DA70035450A /* Lection02UITests */ = {
			isa = PBXGroup;
			children = (
				907A89171E741DA70035450A /* Lection02UITests.swift */,
				907A89191E741DA70035450A /* Info.plist */,
			);
			path = Lection02UITests;
			sourceTree = "<group>";
		};
/* End PBXGroup section */

/* Begin PBXNativeTarget section */
		907A88F31E741DA60035450A /* Lection02 */ = {
			isa = PBXNativeTarget;
			buildConfigurationList = 907A891C1E741DA70035450A /* Build configuration list for PBXNativeTarget "Lection02" */;
			buildPhases = (
				EFE10EA5DDE0F7A182837048 /* [CP] Check Pods Manifest.lock */,
				907A88F01E741DA60035450A /* Sources */,
				907A88F11E741DA60035450A /* Frameworks */,
				907A88F21E741DA60035450A /* Resources */,
				63362C3702EB338D0A45CDAF /* [CP] Embed Pods Frameworks */,
				E425A0538A8F67D4C4FC4106 /* [CP] Copy Pods Resources */,
			);
			buildRules = (
			);
			dependencies = (
			);
			name = Lection02;
			productName = Lection02;
			productReference = 907A88F41E741DA60035450A /* Lection02.app */;
			productType = "com.apple.product-type.application";
		};
		907A89071E741DA70035450A /* Lection02Tests */ = {
			isa = PBXNativeTarget;
			buildConfigurationList = 907A891F1E741DA70035450A /* Build configuration list for PBXNativeTarget "Lection02Tests" */;
			buildPhases = (
				62646C65F90E8AB1A3B19998 /* [CP] Check Pods Manifest.lock */,
				907A89041E741DA70035450A /* Sources */,
				907A89051E741DA70035450A /* Frameworks */,
				907A89061E741DA70035450A /* Resources */,
				4C33EC82F5EF3015A22B5364 /* [CP] Embed Pods Frameworks */,
				237C9E88B6B0B039C8036A24 /* [CP] Copy Pods Resources */,
			);
			buildRules = (
			);
			dependencies = (
				907A890A1E741DA70035450A /* PBXTargetDependency */,
			);
			name = Lection02Tests;
			productName = Lection02Tests;
			productReference = 907A89081E741DA70035450A /* Lection02Tests.xctest */;
			productType = "com.apple.product-type.bundle.unit-test";
		};
		907A89121E741DA70035450A /* Lection02UITests */ = {
			isa = PBXNativeTarget;
			buildConfigurationList = 907A89221E741DA70035450A /* Build configuration list for PBXNativeTarget "Lection02UITests" */;
			buildPhases = (
				E3025A49F4651BD1A7C6563A /* [CP] Check Pods Manifest.lock */,
				907A890F1E741DA70035450A /* Sources */,
				907A89101E741DA70035450A /* Frameworks */,
				907A89111E741DA70035450A /* Resources */,
				8628273EF3A744D4E4A8B4A5 /* [CP] Embed Pods Frameworks */,
				B19E3EBB5D1DA65972032CAD /* [CP] Copy Pods Resources */,
			);
			buildRules = (
			);
			dependencies = (
				907A89151E741DA70035450A /* PBXTargetDependency */,
			);
			name = Lection02UITests;
			productName = Lection02UITests;
			productReference = 907A89131E741DA70035450A /* Lection02UITests.xctest */;
			productType = "com.apple.product-type.bundle.ui-testing";
		};
/* End PBXNativeTarget section */

/* Begin PBXProject section */
		907A88EC1E741DA60035450A /* Project object */ = {
			isa = PBXProject;
			attributes = {
				LastSwiftUpdateCheck = 0820;
				LastUpgradeCheck = 0820;
				ORGANIZATIONNAME = Mail;
				TargetAttributes = {
					907A88F31E741DA60035450A = {
						CreatedOnToolsVersion = 8.2.1;
						DevelopmentTeam = K48Z7DGP84;
						ProvisioningStyle = Automatic;
					};
					907A89071E741DA70035450A = {
						CreatedOnToolsVersion = 8.2.1;
						DevelopmentTeam = K48Z7DGP84;
						ProvisioningStyle = Automatic;
						TestTargetID = 907A88F31E741DA60035450A;
					};
					907A89121E741DA70035450A = {
						CreatedOnToolsVersion = 8.2.1;
						DevelopmentTeam = K48Z7DGP84;
						ProvisioningStyle = Automatic;
						TestTargetID = 907A88F31E741DA60035450A;
					};
				};
			};
			buildConfigurationList = 907A88EF1E741DA60035450A /* Build configuration list for PBXProject "Lection02" */;
			compatibilityVersion = "Xcode 3.2";
			developmentRegion = English;
			hasScannedForEncodings = 0;
			knownRegions = (
				en,
				Base,
			);
			mainGroup = 907A88EB1E741DA60035450A;
			productRefGroup = 907A88F51E741DA60035450A /* Products */;
			projectDirPath = "";
			projectRoot = "";
			targets = (
				907A88F31E741DA60035450A /* Lection02 */,
				907A89071E741DA70035450A /* Lection02Tests */,
				907A89121E741DA70035450A /* Lection02UITests */,
			);
		};
/* End PBXProject section */

/* Begin PBXResourcesBuildPhase section */
		907A88F21E741DA60035450A /* Resources */ = {
			isa = PBXResourcesBuildPhase;
			buildActionMask = 2147483647;
			files = (
				90CBA2CE1E745838008D7B30 /* XIBViewController.xib in Resources */,
				907A89021E741DA70035450A /* LaunchScreen.storyboard in Resources */,
				907A88FF1E741DA60035450A /* Assets.xcassets in Resources */,
				90CBA2C11E744B78008D7B30 /* krovostok.jpg in Resources */,
				907A88FD1E741DA60035450A /* Main.storyboard in Resources */,
			);
			runOnlyForDeploymentPostprocessing = 0;
		};
		907A89061E741DA70035450A /* Resources */ = {
			isa = PBXResourcesBuildPhase;
			buildActionMask = 2147483647;
			files = (
				90CBA2CF1E745838008D7B30 /* XIBViewController.xib in Resources */,
				90CBA2C21E744B78008D7B30 /* krovostok.jpg in Resources */,
			);
			runOnlyForDeploymentPostprocessing = 0;
		};
		907A89111E741DA70035450A /* Resources */ = {
			isa = PBXResourcesBuildPhase;
			buildActionMask = 2147483647;
			files = (
				90CBA2D01E745838008D7B30 /* XIBViewController.xib in Resources */,
				90CBA2C31E744B78008D7B30 /* krovostok.jpg in Resources */,
			);
			runOnlyForDeploymentPostprocessing = 0;
		};
/* End PBXResourcesBuildPhase section */

/* Begin PBXShellScriptBuildPhase section */
		237C9E88B6B0B039C8036A24 /* [CP] Copy Pods Resources */ = {
			isa = PBXShellScriptBuildPhase;
			buildActionMask = 2147483647;
			files = (
			);
			inputPaths = (
			);
			name = "[CP] Copy Pods Resources";
			outputPaths = (
			);
			runOnlyForDeploymentPostprocessing = 0;
			shellPath = /bin/sh;
			shellScript = "\"${SRCROOT}/Pods/Target Support Files/Pods-BasePods-Lection02Tests/Pods-BasePods-Lection02Tests-resources.sh\"\n";
			showEnvVarsInLog = 0;
		};
		4C33EC82F5EF3015A22B5364 /* [CP] Embed Pods Frameworks */ = {
			isa = PBXShellScriptBuildPhase;
			buildActionMask = 2147483647;
			files = (
			);
			inputPaths = (
			);
			name = "[CP] Embed Pods Frameworks";
			outputPaths = (
			);
			runOnlyForDeploymentPostprocessing = 0;
			shellPath = /bin/sh;
			shellScript = "\"${SRCROOT}/Pods/Target Support Files/Pods-BasePods-Lection02Tests/Pods-BasePods-Lection02Tests-frameworks.sh\"\n";
			showEnvVarsInLog = 0;
		};
		62646C65F90E8AB1A3B19998 /* [CP] Check Pods Manifest.lock */ = {
			isa = PBXShellScriptBuildPhase;
			buildActionMask = 2147483647;
			files = (
			);
			inputPaths = (
			);
			name = "[CP] Check Pods Manifest.lock";
			outputPaths = (
			);
			runOnlyForDeploymentPostprocessing = 0;
			shellPath = /bin/sh;
			shellScript = "diff \"${PODS_ROOT}/../Podfile.lock\" \"${PODS_ROOT}/Manifest.lock\" > /dev/null\nif [ $? != 0 ] ; then\n    # print error to STDERR\n    echo \"error: The sandbox is not in sync with the Podfile.lock. Run 'pod install' or update your CocoaPods installation.\" >&2\n    exit 1\nfi\n";
			showEnvVarsInLog = 0;
		};
		63362C3702EB338D0A45CDAF /* [CP] Embed Pods Frameworks */ = {
			isa = PBXShellScriptBuildPhase;
			buildActionMask = 2147483647;
			files = (
			);
			inputPaths = (
			);
			name = "[CP] Embed Pods Frameworks";
			outputPaths = (
			);
			runOnlyForDeploymentPostprocessing = 0;
			shellPath = /bin/sh;
			shellScript = "\"${SRCROOT}/Pods/Target Support Files/Pods-BasePods-Lection02/Pods-BasePods-Lection02-frameworks.sh\"\n";
			showEnvVarsInLog = 0;
		};
		8628273EF3A744D4E4A8B4A5 /* [CP] Embed Pods Frameworks */ = {
			isa = PBXShellScriptBuildPhase;
			buildActionMask = 2147483647;
			files = (
			);
			inputPaths = (
			);
			name = "[CP] Embed Pods Frameworks";
			outputPaths = (
			);
			runOnlyForDeploymentPostprocessing = 0;
			shellPath = /bin/sh;
			shellScript = "\"${SRCROOT}/Pods/Target Support Files/Pods-BasePods-Lection02UITests/Pods-BasePods-Lection02UITests-frameworks.sh\"\n";
			showEnvVarsInLog = 0;
		};
		B19E3EBB5D1DA65972032CAD /* [CP] Copy Pods Resources */ = {
			isa = PBXShellScriptBuildPhase;
			buildActionMask = 2147483647;
			files = (
			);
			inputPaths = (
			);
			name = "[CP] Copy Pods Resources";
			outputPaths = (
			);
			runOnlyForDeploymentPostprocessing = 0;
			shellPath = /bin/sh;
			shellScript = "\"${SRCROOT}/Pods/Target Support Files/Pods-BasePods-Lection02UITests/Pods-BasePods-Lection02UITests-resources.sh\"\n";
			showEnvVarsInLog = 0;
		};
		E3025A49F4651BD1A7C6563A /* [CP] Check Pods Manifest.lock */ = {
			isa = PBXShellScriptBuildPhase;
			buildActionMask = 2147483647;
			files = (
			);
			inputPaths = (
			);
			name = "[CP] Check Pods Manifest.lock";
			outputPaths = (
			);
			runOnlyForDeploymentPostprocessing = 0;
			shellPath = /bin/sh;
			shellScript = "diff \"${PODS_ROOT}/../Podfile.lock\" \"${PODS_ROOT}/Manifest.lock\" > /dev/null\nif [ $? != 0 ] ; then\n    # print error to STDERR\n    echo \"error: The sandbox is not in sync with the Podfile.lock. Run 'pod install' or update your CocoaPods installation.\" >&2\n    exit 1\nfi\n";
			showEnvVarsInLog = 0;
		};
		E425A0538A8F67D4C4FC4106 /* [CP] Copy Pods Resources */ = {
			isa = PBXShellScriptBuildPhase;
			buildActionMask = 2147483647;
			files = (
			);
			inputPaths = (
			);
			name = "[CP] Copy Pods Resources";
			outputPaths = (
			);
			runOnlyForDeploymentPostprocessing = 0;
			shellPath = /bin/sh;
			shellScript = "\"${SRCROOT}/Pods/Target Support Files/Pods-BasePods-Lection02/Pods-BasePods-Lection02-resources.sh\"\n";
			showEnvVarsInLog = 0;
		};
		EFE10EA5DDE0F7A182837048 /* [CP] Check Pods Manifest.lock */ = {
			isa = PBXShellScriptBuildPhase;
			buildActionMask = 2147483647;
			files = (
			);
			inputPaths = (
			);
			name = "[CP] Check Pods Manifest.lock";
			outputPaths = (
			);
			runOnlyForDeploymentPostprocessing = 0;
			shellPath = /bin/sh;
			shellScript = "diff \"${PODS_ROOT}/../Podfile.lock\" \"${PODS_ROOT}/Manifest.lock\" > /dev/null\nif [ $? != 0 ] ; then\n    # print error to STDERR\n    echo \"error: The sandbox is not in sync with the Podfile.lock. Run 'pod install' or update your CocoaPods installation.\" >&2\n    exit 1\nfi\n";
			showEnvVarsInLog = 0;
		};
/* End PBXShellScriptBuildPhase section */

/* Begin PBXSourcesBuildPhase section */
		907A88F01E741DA60035450A /* Sources */ = {
			isa = PBXSourcesBuildPhase;
			buildActionMask = 2147483647;
			files = (
				90CBA2CB1E745838008D7B30 /* XIBViewController.swift in Sources */,
				90CBA2C51E744C8B008D7B30 /* HelloViewController.swift in Sources */,
				907A88FA1E741DA60035450A /* ViewController.swift in Sources */,
				90CBA2D21E745ADB008D7B30 /* Greeting.swift in Sources */,
				907A88F81E741DA60035450A /* AppDelegate.swift in Sources */,
			);
			runOnlyForDeploymentPostprocessing = 0;
		};
		907A89041E741DA70035450A /* Sources */ = {
			isa = PBXSourcesBuildPhase;
			buildActionMask = 2147483647;
			files = (
				90CBA2CC1E745838008D7B30 /* XIBViewController.swift in Sources */,
				907A890D1E741DA70035450A /* Lection02Tests.swift in Sources */,
				90CBA2D31E745ADB008D7B30 /* Greeting.swift in Sources */,
				90CBA2C61E744C8B008D7B30 /* HelloViewController.swift in Sources */,
			);
			runOnlyForDeploymentPostprocessing = 0;
		};
		907A890F1E741DA70035450A /* Sources */ = {
			isa = PBXSourcesBuildPhase;
			buildActionMask = 2147483647;
			files = (
				90CBA2CD1E745838008D7B30 /* XIBViewController.swift in Sources */,
				907A89181E741DA70035450A /* Lection02UITests.swift in Sources */,
				90CBA2D41E745ADB008D7B30 /* Greeting.swift in Sources */,
				90CBA2C71E744C8B008D7B30 /* HelloViewController.swift in Sources */,
			);
			runOnlyForDeploymentPostprocessing = 0;
		};
/* End PBXSourcesBuildPhase section */

/* Begin PBXTargetDependency section */
		907A890A1E741DA70035450A /* PBXTargetDependency */ = {
			isa = PBXTargetDependency;
			target = 907A88F31E741DA60035450A /* Lection02 */;
			targetProxy = 907A89091E741DA70035450A /* PBXContainerItemProxy */;
		};
		907A89151E741DA70035450A /* PBXTargetDependency */ = {
			isa = PBXTargetDependency;
			target = 907A88F31E741DA60035450A /* Lection02 */;
			targetProxy = 907A89141E741DA70035450A /* PBXContainerItemProxy */;
		};
/* End PBXTargetDependency section */

/* Begin PBXVariantGroup section */
		907A88FB1E741DA60035450A /* Main.storyboard */ = {
			isa = PBXVariantGroup;
			children = (
				907A88FC1E741DA60035450A /* Base */,
			);
			name = Main.storyboard;
			sourceTree = "<group>";
		};
		907A89001E741DA70035450A /* LaunchScreen.storyboard */ = {
			isa = PBXVariantGroup;
			children = (
				907A89011E741DA70035450A /* Base */,
			);
			name = LaunchScreen.storyboard;
			sourceTree = "<group>";
		};
/* End PBXVariantGroup section */

/* Begin XCBuildConfiguration section */
		907A891A1E741DA70035450A /* Debug */ = {
			isa = XCBuildConfiguration;
			buildSettings = {
				ALWAYS_SEARCH_USER_PATHS = NO;
				CLANG_ANALYZER_NONNULL = YES;
				CLANG_CXX_LANGUAGE_STANDARD = "gnu++0x";
				CLANG_CXX_LIBRARY = "libc++";
				CLANG_ENABLE_MODULES = YES;
				CLANG_ENABLE_OBJC_ARC = YES;
				CLANG_WARN_BOOL_CONVERSION = YES;
				CLANG_WARN_CONSTANT_CONVERSION = YES;
				CLANG_WARN_DIRECT_OBJC_ISA_USAGE = YES_ERROR;
				CLANG_WARN_DOCUMENTATION_COMMENTS = YES;
				CLANG_WARN_EMPTY_BODY = YES;
				CLANG_WARN_ENUM_CONVERSION = YES;
				CLANG_WARN_INFINITE_RECURSION = YES;
				CLANG_WARN_INT_CONVERSION = YES;
				CLANG_WARN_OBJC_ROOT_CLASS = YES_ERROR;
				CLANG_WARN_SUSPICIOUS_MOVE = YES;
				CLANG_WARN_UNREACHABLE_CODE = YES;
				CLANG_WARN__DUPLICATE_METHOD_MATCH = YES;
				"CODE_SIGN_IDENTITY[sdk=iphoneos*]" = "iPhone Developer";
				COPY_PHASE_STRIP = NO;
				DEBUG_INFORMATION_FORMAT = dwarf;
				ENABLE_STRICT_OBJC_MSGSEND = YES;
				ENABLE_TESTABILITY = YES;
				GCC_C_LANGUAGE_STANDARD = gnu99;
				GCC_DYNAMIC_NO_PIC = NO;
				GCC_NO_COMMON_BLOCKS = YES;
				GCC_OPTIMIZATION_LEVEL = 0;
				GCC_PREPROCESSOR_DEFINITIONS = (
					"DEBUG=1",
					"$(inherited)",
				);
				GCC_WARN_64_TO_32_BIT_CONVERSION = YES;
				GCC_WARN_ABOUT_RETURN_TYPE = YES_ERROR;
				GCC_WARN_UNDECLARED_SELECTOR = YES;
				GCC_WARN_UNINITIALIZED_AUTOS = YES_AGGRESSIVE;
				GCC_WARN_UNUSED_FUNCTION = YES;
				GCC_WARN_UNUSED_VARIABLE = YES;
				IPHONEOS_DEPLOYMENT_TARGET = 10.2;
				MTL_ENABLE_DEBUG_INFO = YES;
				ONLY_ACTIVE_ARCH = YES;
				SDKROOT = iphoneos;
				SWIFT_ACTIVE_COMPILATION_CONDITIONS = DEBUG;
				SWIFT_OPTIMIZATION_LEVEL = "-Onone";
			};
			name = Debug;
		};
		907A891B1E741DA70035450A /* Release */ = {
			isa = XCBuildConfiguration;
			buildSettings = {
				ALWAYS_SEARCH_USER_PATHS = NO;
				CLANG_ANALYZER_NONNULL = YES;
				CLANG_CXX_LANGUAGE_STANDARD = "gnu++0x";
				CLANG_CXX_LIBRARY = "libc++";
				CLANG_ENABLE_MODULES = YES;
				CLANG_ENABLE_OBJC_ARC = YES;
				CLANG_WARN_BOOL_CONVERSION = YES;
				CLANG_WARN_CONSTANT_CONVERSION = YES;
				CLANG_WARN_DIRECT_OBJC_ISA_USAGE = YES_ERROR;
				CLANG_WARN_DOCUMENTATION_COMMENTS = YES;
				CLANG_WARN_EMPTY_BODY = YES;
				CLANG_WARN_ENUM_CONVERSION = YES;
				CLANG_WARN_INFINITE_RECURSION = YES;
				CLANG_WARN_INT_CONVERSION = YES;
				CLANG_WARN_OBJC_ROOT_CLASS = YES_ERROR;
				CLANG_WARN_SUSPICIOUS_MOVE = YES;
				CLANG_WARN_UNREACHABLE_CODE = YES;
				CLANG_WARN__DUPLICATE_METHOD_MATCH = YES;
				"CODE_SIGN_IDENTITY[sdk=iphoneos*]" = "iPhone Developer";
				COPY_PHASE_STRIP = NO;
				DEBUG_INFORMATION_FORMAT = "dwarf-with-dsym";
				ENABLE_NS_ASSERTIONS = NO;
				ENABLE_STRICT_OBJC_MSGSEND = YES;
				GCC_C_LANGUAGE_STANDARD = gnu99;
				GCC_NO_COMMON_BLOCKS = YES;
				GCC_WARN_64_TO_32_BIT_CONVERSION = YES;
				GCC_WARN_ABOUT_RETURN_TYPE = YES_ERROR;
				GCC_WARN_UNDECLARED_SELECTOR = YES;
				GCC_WARN_UNINITIALIZED_AUTOS = YES_AGGRESSIVE;
				GCC_WARN_UNUSED_FUNCTION = YES;
				GCC_WARN_UNUSED_VARIABLE = YES;
				IPHONEOS_DEPLOYMENT_TARGET = 10.2;
				MTL_ENABLE_DEBUG_INFO = NO;
				SDKROOT = iphoneos;
				SWIFT_OPTIMIZATION_LEVEL = "-Owholemodule";
				VALIDATE_PRODUCT = YES;
			};
			name = Release;
		};
		907A891D1E741DA70035450A /* Debug */ = {
			isa = XCBuildConfiguration;
			baseConfigurationReference = E05ED08DE34CA17F6EE42902 /* Pods-BasePods-Lection02.debug.xcconfig */;
			buildSettings = {
				ASSETCATALOG_COMPILER_APPICON_NAME = AppIcon;
				DEVELOPMENT_TEAM = K48Z7DGP84;
				INFOPLIST_FILE = Lection02/Info.plist;
				LD_RUNPATH_SEARCH_PATHS = "$(inherited) @executable_path/Frameworks";
				PRODUCT_BUNDLE_IDENTIFIER = ru.mail.Lection02;
				PRODUCT_NAME = "$(TARGET_NAME)";
				SWIFT_VERSION = 3.0;
			};
			name = Debug;
		};
		907A891E1E741DA70035450A /* Release */ = {
			isa = XCBuildConfiguration;
			baseConfigurationReference = E157443E89C96B387B1349A9 /* Pods-BasePods-Lection02.release.xcconfig */;
			buildSettings = {
				ASSETCATALOG_COMPILER_APPICON_NAME = AppIcon;
				DEVELOPMENT_TEAM = K48Z7DGP84;
				INFOPLIST_FILE = Lection02/Info.plist;
				LD_RUNPATH_SEARCH_PATHS = "$(inherited) @executable_path/Frameworks";
				PRODUCT_BUNDLE_IDENTIFIER = ru.mail.Lection02;
				PRODUCT_NAME = "$(TARGET_NAME)";
				SWIFT_VERSION = 3.0;
			};
			name = Release;
		};
		907A89201E741DA70035450A /* Debug */ = {
			isa = XCBuildConfiguration;
			baseConfigurationReference = CA7559785B6CFDA35D0B9FD1 /* Pods-BasePods-Lection02Tests.debug.xcconfig */;
			buildSettings = {
				ALWAYS_EMBED_SWIFT_STANDARD_LIBRARIES = YES;
				BUNDLE_LOADER = "$(TEST_HOST)";
				DEVELOPMENT_TEAM = K48Z7DGP84;
				INFOPLIST_FILE = Lection02Tests/Info.plist;
				LD_RUNPATH_SEARCH_PATHS = "$(inherited) @executable_path/Frameworks @loader_path/Frameworks";
				PRODUCT_BUNDLE_IDENTIFIER = ru.mail.Lection02Tests;
				PRODUCT_NAME = "$(TARGET_NAME)";
				SWIFT_VERSION = 3.0;
				TEST_HOST = "$(BUILT_PRODUCTS_DIR)/Lection02.app/Lection02";
			};
			name = Debug;
		};
		907A89211E741DA70035450A /* Release */ = {
			isa = XCBuildConfiguration;
			baseConfigurationReference = D5DEA8E04AF741D1DAECEADA /* Pods-BasePods-Lection02Tests.release.xcconfig */;
			buildSettings = {
				ALWAYS_EMBED_SWIFT_STANDARD_LIBRARIES = YES;
				BUNDLE_LOADER = "$(TEST_HOST)";
				DEVELOPMENT_TEAM = K48Z7DGP84;
				INFOPLIST_FILE = Lection02Tests/Info.plist;
				LD_RUNPATH_SEARCH_PATHS = "$(inherited) @executable_path/Frameworks @loader_path/Frameworks";
				PRODUCT_BUNDLE_IDENTIFIER = ru.mail.Lection02Tests;
				PRODUCT_NAME = "$(TARGET_NAME)";
				SWIFT_VERSION = 3.0;
				TEST_HOST = "$(BUILT_PRODUCTS_DIR)/Lection02.app/Lection02";
			};
			name = Release;
		};
		907A89231E741DA70035450A /* Debug */ = {
			isa = XCBuildConfiguration;
			baseConfigurationReference = 7FDE15AED0F3138BFC88809E /* Pods-BasePods-Lection02UITests.debug.xcconfig */;
			buildSettings = {
				ALWAYS_EMBED_SWIFT_STANDARD_LIBRARIES = YES;
				DEVELOPMENT_TEAM = K48Z7DGP84;
				INFOPLIST_FILE = Lection02UITests/Info.plist;
				LD_RUNPATH_SEARCH_PATHS = "$(inherited) @executable_path/Frameworks @loader_path/Frameworks";
				PRODUCT_BUNDLE_IDENTIFIER = ru.mail.Lection02UITests;
				PRODUCT_NAME = "$(TARGET_NAME)";
				SWIFT_VERSION = 3.0;
				TEST_TARGET_NAME = Lection02;
			};
			name = Debug;
		};
		907A89241E741DA70035450A /* Release */ = {
			isa = XCBuildConfiguration;
			baseConfigurationReference = 4B89B14C6A2ACF1CD7893AE3 /* Pods-BasePods-Lection02UITests.release.xcconfig */;
			buildSettings = {
				ALWAYS_EMBED_SWIFT_STANDARD_LIBRARIES = YES;
				DEVELOPMENT_TEAM = K48Z7DGP84;
				INFOPLIST_FILE = Lection02UITests/Info.plist;
				LD_RUNPATH_SEARCH_PATHS = "$(inherited) @executable_path/Frameworks @loader_path/Frameworks";
				PRODUCT_BUNDLE_IDENTIFIER = ru.mail.Lection02UITests;
				PRODUCT_NAME = "$(TARGET_NAME)";
				SWIFT_VERSION = 3.0;
				TEST_TARGET_NAME = Lection02;
			};
			name = Release;
		};
/* End XCBuildConfiguration section */

/* Begin XCConfigurationList section */
		907A88EF1E741DA60035450A /* Build configuration list for PBXProject "Lection02" */ = {
			isa = XCConfigurationList;
			buildConfigurations = (
				907A891A1E741DA70035450A /* Debug */,
				907A891B1E741DA70035450A /* Release */,
			);
			defaultConfigurationIsVisible = 0;
			defaultConfigurationName = Release;
		};
		907A891C1E741DA70035450A /* Build configuration list for PBXNativeTarget "Lection02" */ = {
			isa = XCConfigurationList;
			buildConfigurations = (
				907A891D1E741DA70035450A /* Debug */,
				907A891E1E741DA70035450A /* Release */,
			);
			defaultConfigurationIsVisible = 0;
			defaultConfigurationName = Release;
		};
		907A891F1E741DA70035450A /* Build configuration list for PBXNativeTarget "Lection02Tests" */ = {
			isa = XCConfigurationList;
			buildConfigurations = (
				907A89201E741DA70035450A /* Debug */,
				907A89211E741DA70035450A /* Release */,
			);
			defaultConfigurationIsVisible = 0;
			defaultConfigurationName = Release;
		};
		907A89221E741DA70035450A /* Build configuration list for PBXNativeTarget "Lection02UITests" */ = {
			isa = XCConfigurationList;
			buildConfigurations = (
				907A89231E741DA70035450A /* Debug */,
				907A89241E741DA70035450A /* Release */,
			);
			defaultConfigurationIsVisible = 0;
			defaultConfigurationName = Release;
		};
/* End XCConfigurationList section */
	};
	rootObject = 907A88EC1E741DA60035450A /* Project object */;
}
